
Microsoft Visual Studio Solution File, Format Version 12.00
# Visual Studio Version 17
VisualStudioVersion = 17.8.34525.116
MinimumVisualStudioVersion = 10.0.40219.1
Project("{9A19103F-16F7-4668-BE54-9A1E7A4F7556}") = "MusicApp", "MusicApp\MusicApp.csproj", "{B3B58D89-46CD-4EC7-B2FF-0DC97CC39AB7}"
	ProjectSection(ProjectDependencies) = postProject
		{938A73D8-BDFA-4C8F-975B-4DA564AC6D8C} = {938A73D8-BDFA-4C8F-975B-4DA564AC6D8C}
	EndProjectSection
EndProject
Project("{9A19103F-16F7-4668-BE54-9A1E7A4F7556}") = "DataBase", "DataBase\DataBase.csproj", "{E968D564-559E-4E55-A00A-A858364E6B37}"
EndProject
Project("{9A19103F-16F7-4668-BE54-9A1E7A4F7556}") = "Utils", "Utils\Utils.csproj", "{938A73D8-BDFA-4C8F-975B-4DA564AC6D8C}"
EndProject
Project("{FAE04EC0-301F-11D3-BF4B-00C04F79EFBC}") = "Enums", "Common\Enums.csproj", "{171024FE-FA82-441E-8EF0-0E9FA49B715C}"
EndProject
Global
	GlobalSection(SolutionConfigurationPlatforms) = preSolution
		Debug|Any CPU = Debug|Any CPU
		Release|Any CPU = Release|Any CPU
	EndGlobalSection
	GlobalSection(ProjectConfigurationPlatforms) = postSolution
		{B3B58D89-46CD-4EC7-B2FF-0DC97CC39AB7}.Debug|Any CPU.ActiveCfg = Debug|Any CPU
		{B3B58D89-46CD-4EC7-B2FF-0DC97CC39AB7}.Debug|Any CPU.Build.0 = Debug|Any CPU
		{B3B58D89-46CD-4EC7-B2FF-0DC97CC39AB7}.Release|Any CPU.ActiveCfg = Release|Any CPU
		{B3B58D89-46CD-4EC7-B2FF-0DC97CC39AB7}.Release|Any CPU.Build.0 = Release|Any CPU
		{E968D564-559E-4E55-A00A-A858364E6B37}.Debug|Any CPU.ActiveCfg = Debug|Any CPU
		{E968D564-559E-4E55-A00A-A858364E6B37}.Debug|Any CPU.Build.0 = Debug|Any CPU
		{E968D564-559E-4E55-A00A-A858364E6B37}.Release|Any CPU.ActiveCfg = Release|Any CPU
		{E968D564-559E-4E55-A00A-A858364E6B37}.Release|Any CPU.Build.0 = Release|Any CPU
		{938A73D8-BDFA-4C8F-975B-4DA564AC6D8C}.Debug|Any CPU.ActiveCfg = Debug|Any CPU
		{938A73D8-BDFA-4C8F-975B-4DA564AC6D8C}.Debug|Any CPU.Build.0 = Debug|Any CPU
		{938A73D8-BDFA-4C8F-975B-4DA564AC6D8C}.Release|Any CPU.ActiveCfg = Release|Any CPU
		{938A73D8-BDFA-4C8F-975B-4DA564AC6D8C}.Release|Any CPU.Build.0 = Release|Any CPU
		{171024FE-FA82-441E-8EF0-0E9FA49B715C}.Debug|Any CPU.ActiveCfg = Debug|Any CPU
		{171024FE-FA82-441E-8EF0-0E9FA49B715C}.Debug|Any CPU.Build.0 = Debug|Any CPU
		{171024FE-FA82-441E-8EF0-0E9FA49B715C}.Release|Any CPU.ActiveCfg = Release|Any CPU
		{171024FE-FA82-441E-8EF0-0E9FA49B715C}.Release|Any CPU.Build.0 = Release|Any CPU
	EndGlobalSection
	GlobalSection(SolutionProperties) = preSolution
		HideSolutionNode = FALSE
	EndGlobalSection
	GlobalSection(ExtensibilityGlobals) = postSolution
		SolutionGuid = {3AF32F00-78F7-41A7-8C15-3C1B52F0CA97}
	EndGlobalSection
EndGlobal
